
Microsoft Visual Studio Solution File, Format Version 12.00
# Visual Studio Version 17
VisualStudioVersion = 17.14.36310.24
MinimumVisualStudioVersion = 10.0.40219.1
Project("{FAE04EC0-301F-11D3-BF4B-00C04F79EFBC}") = "EchoUI.Demo.Winform", "EchoUI.Demo.Winform\EchoUI.Demo.Winform.csproj", "{F818D41F-9F8B-43C6-A9C9-6615062784C0}"
EndProject
Project("{FAE04EC0-301F-11D3-BF4B-00C04F79EFBC}") = "EchoUI.Core", "EchoUI.Core\EchoUI.Core.csproj", "{AABB0CC5-9CF7-40E5-B36C-4284D7EE388B}"
EndProject
Project("{FAE04EC0-301F-11D3-BF4B-00C04F79EFBC}") = "EchoUI.Render.Winform", "EchoUI.Render.Winform\EchoUI.Render.Winform.csproj", "{4F36E461-6A3D-4FC9-89D5-1DDC3A0F619D}"
EndProject
Project("{FAE04EC0-301F-11D3-BF4B-00C04F79EFBC}") = "EchoUI.Tools.HotReloader", "EchoUI.Tools.HotReloader\EchoUI.Tools.HotReloader.csproj", "{274F70F8-A0BE-42A7-834A-304D40829717}"
EndProject
Project("{FAE04EC0-301F-11D3-BF4B-00C04F79EFBC}") = "EchoUI.Render.Avalonia", "EchoUI.Render.Avalonia\EchoUI.Render.Avalonia.csproj", "{1CAFAEB5-711B-4C9C-82A9-3280542D8118}"
EndProject
Project("{FAE04EC0-301F-11D3-BF4B-00C04F79EFBC}") = "EchoUI.Demo.Avalonia", "EchoUI.Demo.Avalonia\EchoUI.Demo.Avalonia.csproj", "{DE3F34D7-2DCB-9E28-EFAF-014772E2C66E}"
EndProject
Project("{FAE04EC0-301F-11D3-BF4B-00C04F79EFBC}") = "EchoUI.Demo", "EchoUI.Demo\EchoUI.Demo.csproj", "{E305FCFD-415B-46FF-A6EA-8F28C3AE5DD4}"
EndProject
Project("{2150E333-8FDC-42A3-9474-1A3956D46DE8}") = "Demo", "Demo", "{A39C23D2-F2C0-258D-165A-CF1E7FEE6E7B}"
EndProject
Project("{2150E333-8FDC-42A3-9474-1A3956D46DE8}") = "EchoUI", "EchoUI", "{40C6C7F0-6609-8CBE-4D16-D7B14B94547D}"
EndProject
Project("{FAE04EC0-301F-11D3-BF4B-00C04F79EFBC}") = "EchoUI.Render.Web", "EchoUI.Render.Web\EchoUI.Render.Web.csproj", "{FF515857-B8DE-4BF6-9EDF-48DC3F08D97B}"
EndProject
Project("{FAE04EC0-301F-11D3-BF4B-00C04F79EFBC}") = "EchoUI.Demo.Web", "EchoUI.Demo.Web\EchoUI.Demo.Web.csproj", "{98B12295-AA7B-48E8-87F1-798BEA7DF947}"
EndProject
Project("{FAE04EC0-301F-11D3-BF4B-00C04F79EFBC}") = "EchoUI.Generator", "EchoUI.Generator\EchoUI.Generator.csproj", "{12C3C63E-C0D3-4353-8C89-F9FC526CCAFD}"
EndProject
Global
	GlobalSection(SolutionConfigurationPlatforms) = preSolution
		Debug|Any CPU = Debug|Any CPU
		Release|Any CPU = Release|Any CPU
	EndGlobalSection
	GlobalSection(ProjectConfigurationPlatforms) = postSolution
		{F818D41F-9F8B-43C6-A9C9-6615062784C0}.Debug|Any CPU.ActiveCfg = Debug|Any CPU
		{F818D41F-9F8B-43C6-A9C9-6615062784C0}.Debug|Any CPU.Build.0 = Debug|Any CPU
		{F818D41F-9F8B-43C6-A9C9-6615062784C0}.Release|Any CPU.ActiveCfg = Release|Any CPU
		{F818D41F-9F8B-43C6-A9C9-6615062784C0}.Release|Any CPU.Build.0 = Release|Any CPU
		{AABB0CC5-9CF7-40E5-B36C-4284D7EE388B}.Debug|Any CPU.ActiveCfg = Debug|Any CPU
		{AABB0CC5-9CF7-40E5-B36C-4284D7EE388B}.Debug|Any CPU.Build.0 = Debug|Any CPU
		{AABB0CC5-9CF7-40E5-B36C-4284D7EE388B}.Release|Any CPU.ActiveCfg = Release|Any CPU
		{AABB0CC5-9CF7-40E5-B36C-4284D7EE388B}.Release|Any CPU.Build.0 = Release|Any CPU
		{4F36E461-6A3D-4FC9-89D5-1DDC3A0F619D}.Debug|Any CPU.ActiveCfg = Debug|Any CPU
		{4F36E461-6A3D-4FC9-89D5-1DDC3A0F619D}.Debug|Any CPU.Build.0 = Debug|Any CPU
		{4F36E461-6A3D-4FC9-89D5-1DDC3A0F619D}.Release|Any CPU.ActiveCfg = Release|Any CPU
		{4F36E461-6A3D-4FC9-89D5-1DDC3A0F619D}.Release|Any CPU.Build.0 = Release|Any CPU
		{274F70F8-A0BE-42A7-834A-304D40829717}.Debug|Any CPU.ActiveCfg = Debug|Any CPU
		{274F70F8-A0BE-42A7-834A-304D40829717}.Debug|Any CPU.Build.0 = Debug|Any CPU
		{274F70F8-A0BE-42A7-834A-304D40829717}.Release|Any CPU.ActiveCfg = Release|Any CPU
		{274F70F8-A0BE-42A7-834A-304D40829717}.Release|Any CPU.Build.0 = Release|Any CPU
		{1CAFAEB5-711B-4C9C-82A9-3280542D8118}.Debug|Any CPU.ActiveCfg = Debug|Any CPU
		{1CAFAEB5-711B-4C9C-82A9-3280542D8118}.Debug|Any CPU.Build.0 = Debug|Any CPU
		{1CAFAEB5-711B-4C9C-82A9-3280542D8118}.Release|Any CPU.ActiveCfg = Release|Any CPU
		{1CAFAEB5-711B-4C9C-82A9-3280542D8118}.Release|Any CPU.Build.0 = Release|Any CPU
		{DE3F34D7-2DCB-9E28-EFAF-014772E2C66E}.Debug|Any CPU.ActiveCfg = Debug|Any CPU
		{DE3F34D7-2DCB-9E28-EFAF-014772E2C66E}.Debug|Any CPU.Build.0 = Debug|Any CPU
		{DE3F34D7-2DCB-9E28-EFAF-014772E2C66E}.Release|Any CPU.ActiveCfg = Release|Any CPU
		{DE3F34D7-2DCB-9E28-EFAF-014772E2C66E}.Release|Any CPU.Build.0 = Release|Any CPU
		{E305FCFD-415B-46FF-A6EA-8F28C3AE5DD4}.Debug|Any CPU.ActiveCfg = Debug|Any CPU
		{E305FCFD-415B-46FF-A6EA-8F28C3AE5DD4}.Debug|Any CPU.Build.0 = Debug|Any CPU
		{E305FCFD-415B-46FF-A6EA-8F28C3AE5DD4}.Release|Any CPU.ActiveCfg = Release|Any CPU
		{E305FCFD-415B-46FF-A6EA-8F28C3AE5DD4}.Release|Any CPU.Build.0 = Release|Any CPU
		{FF515857-B8DE-4BF6-9EDF-48DC3F08D97B}.Debug|Any CPU.ActiveCfg = Debug|Any CPU
		{FF515857-B8DE-4BF6-9EDF-48DC3F08D97B}.Debug|Any CPU.Build.0 = Debug|Any CPU
		{FF515857-B8DE-4BF6-9EDF-48DC3F08D97B}.Release|Any CPU.ActiveCfg = Release|Any CPU
		{FF515857-B8DE-4BF6-9EDF-48DC3F08D97B}.Release|Any CPU.Build.0 = Release|Any CPU
		{98B12295-AA7B-48E8-87F1-798BEA7DF947}.Debug|Any CPU.ActiveCfg = Debug|Any CPU
		{98B12295-AA7B-48E8-87F1-798BEA7DF947}.Debug|Any CPU.Build.0 = Debug|Any CPU
		{98B12295-AA7B-48E8-87F1-798BEA7DF947}.Release|Any CPU.ActiveCfg = Release|Any CPU
		{98B12295-AA7B-48E8-87F1-798BEA7DF947}.Release|Any CPU.Build.0 = Release|Any CPU
		{12C3C63E-C0D3-4353-8C89-F9FC526CCAFD}.Debug|Any CPU.ActiveCfg = Debug|Any CPU
		{12C3C63E-C0D3-4353-8C89-F9FC526CCAFD}.Debug|Any CPU.Build.0 = Debug|Any CPU
		{12C3C63E-C0D3-4353-8C89-F9FC526CCAFD}.Release|Any CPU.ActiveCfg = Release|Any CPU
		{12C3C63E-C0D3-4353-8C89-F9FC526CCAFD}.Release|Any CPU.Build.0 = Release|Any CPU
	EndGlobalSection
	GlobalSection(SolutionProperties) = preSolution
		HideSolutionNode = FALSE
	EndGlobalSection
	GlobalSection(NestedProjects) = preSolution
		{F818D41F-9F8B-43C6-A9C9-6615062784C0} = {A39C23D2-F2C0-258D-165A-CF1E7FEE6E7B}
		{AABB0CC5-9CF7-40E5-B36C-4284D7EE388B} = {40C6C7F0-6609-8CBE-4D16-D7B14B94547D}
		{4F36E461-6A3D-4FC9-89D5-1DDC3A0F619D} = {40C6C7F0-6609-8CBE-4D16-D7B14B94547D}
		{274F70F8-A0BE-42A7-834A-304D40829717} = {40C6C7F0-6609-8CBE-4D16-D7B14B94547D}
		{1CAFAEB5-711B-4C9C-82A9-3280542D8118} = {40C6C7F0-6609-8CBE-4D16-D7B14B94547D}
		{DE3F34D7-2DCB-9E28-EFAF-014772E2C66E} = {A39C23D2-F2C0-258D-165A-CF1E7FEE6E7B}
		{E305FCFD-415B-46FF-A6EA-8F28C3AE5DD4} = {A39C23D2-F2C0-258D-165A-CF1E7FEE6E7B}
		{FF515857-B8DE-4BF6-9EDF-48DC3F08D97B} = {40C6C7F0-6609-8CBE-4D16-D7B14B94547D}
		{98B12295-AA7B-48E8-87F1-798BEA7DF947} = {A39C23D2-F2C0-258D-165A-CF1E7FEE6E7B}
		{12C3C63E-C0D3-4353-8C89-F9FC526CCAFD} = {40C6C7F0-6609-8CBE-4D16-D7B14B94547D}
	EndGlobalSection
	GlobalSection(ExtensibilityGlobals) = postSolution
		SolutionGuid = {E11E1185-C510-45FE-8CBA-C3DED51251D2}
	EndGlobalSection
EndGlobal
